schema: '2.0'
stages:
  load_data:
    cmd: python src/load_data.py
    deps:
    - path: src/load_data.py
      hash: md5
      md5: db94f13dab25164fb992831442e357e7
      size: 228
    params:
      params.yaml:
        train.batch_size: 128
        train.dropout: 0.45
        train.hidden_units: 64
        train.lr: 0.001
        train.num_epochs: 1
    outs:
    - path: output/data.pkl
      hash: md5
      md5: 35353c71da0985eed8bb507bbc53bd91
      size: 54950285
  train:
    cmd: python src/train.py
    deps:
    - path: output/data.pkl
      hash: md5
      md5: 35353c71da0985eed8bb507bbc53bd91
      size: 54950285
    - path: src/train.py
      hash: md5
      md5: 571f46610c0d7fd94eb15493e23b6b8e
      size: 2875
    params:
      params.yaml:
        train.batch_size: 128
        train.dropout: 0.45
        train.hidden_units: 64
        train.lr: 0.001
        train.num_epochs: 1
    outs:
    - path: dvclive/metrics.json
      hash: md5
      md5: 93da4c311e9f56f9f6d26f4d5ce801da
      size: 54
    - path: dvclive/plots/metrics/accuracy.tsv
      hash: md5
      md5: 3509f099b5c4f36caa4ab4abccfe6f60
      size: 35
    - path: output/model.h5
      hash: md5
      md5: e89aa0701b47d76f6652925584389e26
      size: 3681312
    - path: output/train_logs.csv
      hash: md5
      md5: 2ae8713c2f91962d4925d1d2aa02ce55
      size: 59
  evaluate:
    cmd: python src/evaluate.py
    deps:
    - path: output/data.pkl
      hash: md5
      md5: 35353c71da0985eed8bb507bbc53bd91
      size: 54950285
    - path: output/model.h5
      hash: md5
      md5: 56f700255d6840467e436d7a7cdde3d4
      size: 3681312
    - path: src/evaluate.py
      hash: md5
      md5: 56af2219bbc7599971432616d8afdf13
      size: 1161
    outs:
    - path: output/metrics.json
      hash: md5
      md5: eb2839411a376d611bcae6285db02669
      size: 61
    - path: output/predictions.json
      hash: md5
      md5: 0fd9cb0de54624277268cdaf4a9b43e1
      size: 310000
