schema: '2.0'
stages:
  load_data:
    cmd: python src/load_data.py
    deps:
    - path: src/load_data.py
      hash: md5
      md5: db94f13dab25164fb992831442e357e7
      size: 228
    params:
      params.yaml:
        train.batch_size: 128
        train.dropout: 0.45
        train.hidden_units: 64
        train.lr: 0.001
        train.num_epochs: 1
    outs:
    - path: output/data.pkl
      hash: md5
      md5: 35353c71da0985eed8bb507bbc53bd91
      size: 54950285
  train:
    cmd: python src/train.py
    deps:
    - path: output/data.pkl
      hash: md5
      md5: 35353c71da0985eed8bb507bbc53bd91
      size: 54950285
    - path: src/train.py
      hash: md5
      md5: 571f46610c0d7fd94eb15493e23b6b8e
      size: 2875
    params:
      params.yaml:
        train.batch_size: 128
        train.dropout: 0.45
        train.hidden_units: 64
        train.lr: 0.001
        train.num_epochs: 1
    outs:
    - path: dvclive/metrics.json
      hash: md5
      md5: 4275c3c01532c4b931bdd5fcfb4ed7fa
      size: 54
    - path: dvclive/plots/metrics/accuracy.tsv
      hash: md5
      md5: 49f34ae00085417486b0714013328d49
      size: 35
    - path: output/model.h5
      hash: md5
      md5: 0e1799fafe945c3ced691c913b85f154
      size: 3681312
    - path: output/train_logs.csv
      hash: md5
      md5: d8a45445d86c9b1749ccb3d362a1c90a
      size: 60
  evaluate:
    cmd: python src/evaluate.py
    deps:
    - path: output/data.pkl
      hash: md5
      md5: 35353c71da0985eed8bb507bbc53bd91
      size: 54950285
    - path: output/model.h5
      hash: md5
      md5: 0e1799fafe945c3ced691c913b85f154
      size: 3681312
    - path: src/evaluate.py
      hash: md5
      md5: 56af2219bbc7599971432616d8afdf13
      size: 1161
    outs:
    - path: output/metrics.json
      hash: md5
      md5: 3d0c4e9ee2724e0b38ae5ccc25fdf508
      size: 61
    - path: output/predictions.json
      hash: md5
      md5: 9bef9780a9901d8a6ffebd8a07e28db8
      size: 310000
